
Microsoft Visual Studio Solution File, Format Version 12.00
# Visual Studio Version 16
VisualStudioVersion = 16.0.29201.188
MinimumVisualStudioVersion = 10.0.40219.1
Project("{FAE04EC0-301F-11D3-BF4B-00C04F79EFBC}") = "ShapesOOPs", "ShapesOOPs\ShapesOOPs.csproj", "{61635486-D05D-4400-9B45-EDDE5FDE75DB}"
EndProject
Global
	GlobalSection(SolutionConfigurationPlatforms) = preSolution
		Debug|Any CPU = Debug|Any CPU
		Release|Any CPU = Release|Any CPU
	EndGlobalSection
	GlobalSection(ProjectConfigurationPlatforms) = postSolution
		{61635486-D05D-4400-9B45-EDDE5FDE75DB}.Debug|Any CPU.ActiveCfg = Debug|Any CPU
		{61635486-D05D-4400-9B45-EDDE5FDE75DB}.Debug|Any CPU.Build.0 = Debug|Any CPU
		{61635486-D05D-4400-9B45-EDDE5FDE75DB}.Release|Any CPU.ActiveCfg = Release|Any CPU
		{61635486-D05D-4400-9B45-EDDE5FDE75DB}.Release|Any CPU.Build.0 = Release|Any CPU
	EndGlobalSection
	GlobalSection(SolutionProperties) = preSolution
		HideSolutionNode = FALSE
	EndGlobalSection
	GlobalSection(ExtensibilityGlobals) = postSolution
		SolutionGuid = {2C56197D-13E1-4AB4-8D8D-B759863ADD6A}
	EndGlobalSection
EndGlobal
