
Microsoft Visual Studio Solution File, Format Version 12.00
# Visual Studio Version 16
VisualStudioVersion = 16.0.29201.188
MinimumVisualStudioVersion = 10.0.40219.1
Project("{FAE04EC0-301F-11D3-BF4B-00C04F79EFBC}") = "OldBookApp", "OldBookApp\OldBookApp.csproj", "{774E0DFD-AFDA-4A38-8551-9836E60F73E3}"
EndProject
Project("{2150E333-8FDC-42A3-9474-1A3956D46DE8}") = "Model", "Model", "{02375D1B-3CF6-40BE-975D-88438EE107E8}"
EndProject
Global
	GlobalSection(SolutionConfigurationPlatforms) = preSolution
		Debug|Any CPU = Debug|Any CPU
		Release|Any CPU = Release|Any CPU
	EndGlobalSection
	GlobalSection(ProjectConfigurationPlatforms) = postSolution
		{774E0DFD-AFDA-4A38-8551-9836E60F73E3}.Debug|Any CPU.ActiveCfg = Debug|Any CPU
		{774E0DFD-AFDA-4A38-8551-9836E60F73E3}.Debug|Any CPU.Build.0 = Debug|Any CPU
		{774E0DFD-AFDA-4A38-8551-9836E60F73E3}.Release|Any CPU.ActiveCfg = Release|Any CPU
		{774E0DFD-AFDA-4A38-8551-9836E60F73E3}.Release|Any CPU.Build.0 = Release|Any CPU
	EndGlobalSection
	GlobalSection(SolutionProperties) = preSolution
		HideSolutionNode = FALSE
	EndGlobalSection
	GlobalSection(ExtensibilityGlobals) = postSolution
		SolutionGuid = {B6A6B0CA-5863-417B-A286-8475561CF70C}
	EndGlobalSection
EndGlobal
